
Microsoft Visual Studio Solution File, Format Version 12.00
# Visual Studio Version 17
VisualStudioVersion = 17.3.32929.385
MinimumVisualStudioVersion = 10.0.40219.1
Project("{FAE04EC0-301F-11D3-BF4B-00C04F79EFBC}") = "ECommerceAdapterPattern", "ECommerceAdapterPattern\ECommerceAdapterPattern.csproj", "{18DAA3BF-D056-4F5B-A98B-9C8E5342F0C3}"
EndProject
Global
	GlobalSection(SolutionConfigurationPlatforms) = preSolution
		Debug|Any CPU = Debug|Any CPU
		Release|Any CPU = Release|Any CPU
	EndGlobalSection
	GlobalSection(ProjectConfigurationPlatforms) = postSolution
		{18DAA3BF-D056-4F5B-A98B-9C8E5342F0C3}.Debug|Any CPU.ActiveCfg = Debug|Any CPU
		{18DAA3BF-D056-4F5B-A98B-9C8E5342F0C3}.Debug|Any CPU.Build.0 = Debug|Any CPU
		{18DAA3BF-D056-4F5B-A98B-9C8E5342F0C3}.Release|Any CPU.ActiveCfg = Release|Any CPU
		{18DAA3BF-D056-4F5B-A98B-9C8E5342F0C3}.Release|Any CPU.Build.0 = Release|Any CPU
	EndGlobalSection
	GlobalSection(SolutionProperties) = preSolution
		HideSolutionNode = FALSE
	EndGlobalSection
	GlobalSection(ExtensibilityGlobals) = postSolution
		SolutionGuid = {804EBA69-FDD9-4A49-B483-EA1EBF420014}
	EndGlobalSection
EndGlobal
